schema: '2.0'
stages:
  prepare:
    cmd: python src/prepare.py
    deps:
    - path: src/prepare.py
      hash: md5
      md5: e31bdc40a2310f0f74195b83a40ea122
      size: 422
    outs:
    - path: data/raw
      hash: md5
      md5: 23b0000338669d2c61217dbd94633aa0.dir
      size: 54950512
      nfiles: 4
  preprocess:
    cmd: python src/preprocess.py
    deps:
    - path: data/raw
      hash: md5
      md5: 23b0000338669d2c61217dbd94633aa0.dir
      size: 54950512
      nfiles: 4
    - path: src/preprocess.py
      hash: md5
      md5: 8288aa59030d3de5c6f68e3f010c1272
      size: 712
    outs:
    - path: data/processed
      hash: md5
      md5: d8adee7655a4fcf210490c4b9a8f893f.dir
      size: 219590512
      nfiles: 4
  train:
    cmd: python src/train.py
    deps:
    - path: data/processed
      hash: md5
      md5: d8adee7655a4fcf210490c4b9a8f893f.dir
      size: 219590512
      nfiles: 4
    - path: src/train.py
      hash: md5
      md5: 3b0c111a7a75468249287eee63c56b82
      size: 973
    params:
      params.yaml:
<<<<<<< HEAD
        train.batch_size: 32
        train.epochs: 15
=======
        train.batch_size: 64
        train.epochs: 10
>>>>>>> exp-different-batch
        train.learning_rate: 0.001
    outs:
    - path: model/ann_model.h5
      hash: md5
<<<<<<< HEAD
      md5: 0bfbd7912080fd116bfd7e833edb0856
=======
      md5: 5be9de25f55af355727488804530c540
>>>>>>> exp-different-batch
      size: 1343728
  evaluate:
    cmd: python src/evaluate.py
    deps:
    - path: model/ann_model.h5
      hash: md5
<<<<<<< HEAD
      md5: 0bfbd7912080fd116bfd7e833edb0856
=======
      md5: 5be9de25f55af355727488804530c540
>>>>>>> exp-different-batch
      size: 1343728
    - path: src/evaluate.py
      hash: md5
      md5: ac2a48006ccf3846fa7166d395e736b1
      size: 482
    outs:
    - path: metrics.json
      hash: md5
<<<<<<< HEAD
      md5: c52dfa47e2850454865d25cb9a403e43
=======
      md5: 22c17f07899c2ec12a449cd4c02adce6
>>>>>>> exp-different-batch
      size: 84
